
Microsoft Visual Studio Solution File, Format Version 12.00
# Visual Studio Version 16
VisualStudioVersion = 16.0.33027.164
MinimumVisualStudioVersion = 10.0.40219.1
Project("{FAE04EC0-301F-11D3-BF4B-00C04F79EFBC}") = "HomeWork_15", "HomeWork_15\HomeWork_15.csproj", "{847FCC48-A8F7-4295-81BD-E7A1B8D2E09D}"
EndProject
Global
	GlobalSection(SolutionConfigurationPlatforms) = preSolution
		Debug|Any CPU = Debug|Any CPU
		Release|Any CPU = Release|Any CPU
	EndGlobalSection
	GlobalSection(ProjectConfigurationPlatforms) = postSolution
		{847FCC48-A8F7-4295-81BD-E7A1B8D2E09D}.Debug|Any CPU.ActiveCfg = Debug|Any CPU
		{847FCC48-A8F7-4295-81BD-E7A1B8D2E09D}.Debug|Any CPU.Build.0 = Debug|Any CPU
		{847FCC48-A8F7-4295-81BD-E7A1B8D2E09D}.Release|Any CPU.ActiveCfg = Release|Any CPU
		{847FCC48-A8F7-4295-81BD-E7A1B8D2E09D}.Release|Any CPU.Build.0 = Release|Any CPU
	EndGlobalSection
	GlobalSection(SolutionProperties) = preSolution
		HideSolutionNode = FALSE
	EndGlobalSection
	GlobalSection(ExtensibilityGlobals) = postSolution
		SolutionGuid = {340CA095-4FAA-4380-8B91-AE08398F8FBB}
	EndGlobalSection
EndGlobal
